// !$*UTF8*$!
{
	archiveVersion = 1;
	classes = {
	};
	objectVersion = 46;
	objects = {

/* Begin PBXBuildFile section */
		72A522181DD3C04600232E2C /* AppDelegate.swift in Sources */ = {isa = PBXBuildFile; fileRef = 72A522171DD3C04600232E2C /* AppDelegate.swift */; };
		72A5221A1DD3C04600232E2C /* ViewController.swift in Sources */ = {isa = PBXBuildFile; fileRef = 72A522191DD3C04600232E2C /* ViewController.swift */; };
		72A5221D1DD3C04600232E2C /* Main.storyboard in Resources */ = {isa = PBXBuildFile; fileRef = 72A5221B1DD3C04600232E2C /* Main.storyboard */; };
		72A5221F1DD3C04600232E2C /* Assets.xcassets in Resources */ = {isa = PBXBuildFile; fileRef = 72A5221E1DD3C04600232E2C /* Assets.xcassets */; };
		72A522221DD3C04600232E2C /* LaunchScreen.storyboard in Resources */ = {isa = PBXBuildFile; fileRef = 72A522201DD3C04600232E2C /* LaunchScreen.storyboard */; };
/* End PBXBuildFile section */

/* Begin PBXFileReference section */
		72A522141DD3C04600232E2C /* KultSPORT.app */ = {isa = PBXFileReference; explicitFileType = wrapper.application; includeInIndex = 0; path = KultSPORT.app; sourceTree = BUILT_PRODUCTS_DIR; };
		72A522171DD3C04600232E2C /* AppDelegate.swift */ = {isa = PBXFileReference; lastKnownFileType = sourcecode.swift; path = AppDelegate.swift; sourceTree = "<group>"; };
		72A522191DD3C04600232E2C /* ViewController.swift */ = {isa = PBXFileReference; lastKnownFileType = sourcecode.swift; path = ViewController.swift; sourceTree = "<group>"; };
		72A5221C1DD3C04600232E2C /* Base */ = {isa = PBXFileReference; lastKnownFileType = file.storyboard; name = Base; path = Base.lproj/Main.storyboard; sourceTree = "<group>"; };
		72A5221E1DD3C04600232E2C /* Assets.xcassets */ = {isa = PBXFileReference; lastKnownFileType = folder.assetcatalog; path = Assets.xcassets; sourceTree = "<group>"; };
		72A522211DD3C04600232E2C /* Base */ = {isa = PBXFileReference; lastKnownFileType = file.storyboard; name = Base; path = Base.lproj/LaunchScreen.storyboard; sourceTree = "<group>"; };
		72A522231DD3C04600232E2C /* Info.plist */ = {isa = PBXFileReference; lastKnownFileType = text.plist.xml; path = Info.plist; sourceTree = "<group>"; };
/* End PBXFileReference section */

/* Begin PBXFrameworksBuildPhase section */
		72A522111DD3C04600232E2C /* Frameworks */ = {
			isa = PBXFrameworksBuildPhase;
			buildActionMask = 2147483647;
			files = (
			);
			runOnlyForDeploymentPostprocessing = 0;
		};
/* End PBXFrameworksBuildPhase section */

/* Begin PBXGroup section */
		72A5220B1DD3C04600232E2C = {
			isa = PBXGroup;
			children = (
				72A522161DD3C04600232E2C /* KultSPORT */,
				72A522151DD3C04600232E2C /* Products */,
			);
			sourceTree = "<group>";
		};
		72A522151DD3C04600232E2C /* Products */ = {
			isa = PBXGroup;
			children = (
				72A522141DD3C04600232E2C /* KultSPORT.app */,
			);
			name = Products;
			sourceTree = "<group>";
		};
		72A522161DD3C04600232E2C /* KultSPORT */ = {
			isa = PBXGroup;
			children = (
				72A522171DD3C04600232E2C /* AppDelegate.swift */,
				72A522191DD3C04600232E2C /* ViewController.swift */,
				72A5221B1DD3C04600232E2C /* Main.storyboard */,
				72A5221E1DD3C04600232E2C /* Assets.xcassets */,
				72A522201DD3C04600232E2C /* LaunchScreen.storyboard */,
				72A522231DD3C04600232E2C /* Info.plist */,
			);
			path = KultSPORT;
			sourceTree = "<group>";
		};
/* End PBXGroup section */

/* Begin PBXNativeTarget section */
		72A522131DD3C04600232E2C /* KultSPORT */ = {
			isa = PBXNativeTarget;
			buildConfigurationList = 72A522261DD3C04600232E2C /* Build configuration list for PBXNativeTarget "KultSPORT" */;
			buildPhases = (
				72A522101DD3C04600232E2C /* Sources */,
				72A522111DD3C04600232E2C /* Frameworks */,
				72A522121DD3C04600232E2C /* Resources */,
			);
			buildRules = (
			);
			dependencies = (
			);
			name = KultSPORT;
			productName = KultSPORT;
			productReference = 72A522141DD3C04600232E2C /* KultSPORT.app */;
			productType = "com.apple.product-type.application";
		};
/* End PBXNativeTarget section */

/* Begin PBXProject section */
		72A5220C1DD3C04600232E2C /* Project object */ = {
			isa = PBXProject;
			attributes = {
				LastSwiftUpdateCheck = 0810;
				LastUpgradeCheck = 0810;
				ORGANIZATIONNAME = "Norbert Czirjak";
				TargetAttributes = {
					72A522131DD3C04600232E2C = {
						CreatedOnToolsVersion = 8.1;
						DevelopmentTeam = 295STQ54Z5;
						ProvisioningStyle = Automatic;
					};
				};
			};
			buildConfigurationList = 72A5220F1DD3C04600232E2C /* Build configuration list for PBXProject "KultSPORT" */;
			compatibilityVersion = "Xcode 3.2";
			developmentRegion = English;
			hasScannedForEncodings = 0;
			knownRegions = (
				en,
				Base,
			);
			mainGroup = 72A5220B1DD3C04600232E2C;
			productRefGroup = 72A522151DD3C04600232E2C /* Products */;
			projectDirPath = "";
			projectRoot = "";
			targets = (
				72A522131DD3C04600232E2C /* KultSPORT */,
			);
		};
/* End PBXProject section */

/* Begin PBXResourcesBuildPhase section */
		72A522121DD3C04600232E2C /* Resources */ = {
			isa = PBXResourcesBuildPhase;
			buildActionMask = 2147483647;
			files = (
				72A522221DD3C04600232E2C /* LaunchScreen.storyboard in Resources */,
				72A5221F1DD3C04600232E2C /* Assets.xcassets in Resources */,
				72A5221D1DD3C04600232E2C /* Main.storyboard in Resources */,
			);
			runOnlyForDeploymentPostprocessing = 0;
		};
/* End PBXResourcesBuildPhase section */

/* Begin PBXSourcesBuildPhase section */
		72A522101DD3C04600232E2C /* Sources */ = {
			isa = PBXSourcesBuildPhase;
			buildActionMask = 2147483647;
			files = (
				72A5221A1DD3C04600232E2C /* ViewController.swift in Sources */,
				72A522181DD3C04600232E2C /* AppDelegate.swift in Sources */,
			);
			runOnlyForDeploymentPostprocessing = 0;
		};
/* End PBXSourcesBuildPhase section */

/* Begin PBXVariantGroup section */
		72A5221B1DD3C04600232E2C /* Main.storyboard */ = {
			isa = PBXVariantGroup;
			children = (
				72A5221C1DD3C04600232E2C /* Base */,
			);
			name = Main.storyboard;
			sourceTree = "<group>";
		};
		72A522201DD3C04600232E2C /* LaunchScreen.storyboard */ = {
			isa = PBXVariantGroup;
			children = (
				72A522211DD3C04600232E2C /* Base */,
			);
			name = LaunchScreen.storyboard;
			sourceTree = "<group>";
		};
/* End PBXVariantGroup section */

/* Begin XCBuildConfiguration section */
		72A522241DD3C04600232E2C /* Debug */ = {
			isa = XCBuildConfiguration;
			buildSettings = {
				ALWAYS_SEARCH_USER_PATHS = NO;
				CLANG_ANALYZER_NONNULL = YES;
				CLANG_CXX_LANGUAGE_STANDARD = "gnu++0x";
				CLANG_CXX_LIBRARY = "libc++";
				CLANG_ENABLE_MODULES = YES;
				CLANG_ENABLE_OBJC_ARC = YES;
				CLANG_WARN_BOOL_CONVERSION = YES;
				CLANG_WARN_CONSTANT_CONVERSION = YES;
				CLANG_WARN_DIRECT_OBJC_ISA_USAGE = YES_ERROR;
				CLANG_WARN_DOCUMENTATION_COMMENTS = YES;
				CLANG_WARN_EMPTY_BODY = YES;
				CLANG_WARN_ENUM_CONVERSION = YES;
				CLANG_WARN_INFINITE_RECURSION = YES;
				CLANG_WARN_INT_CONVERSION = YES;
				CLANG_WARN_OBJC_ROOT_CLASS = YES_ERROR;
				CLANG_WARN_SUSPICIOUS_MOVES = YES;
				CLANG_WARN_UNREACHABLE_CODE = YES;
				CLANG_WARN__DUPLICATE_METHOD_MATCH = YES;
				"CODE_SIGN_IDENTITY[sdk=iphoneos*]" = "iPhone Developer";
				COPY_PHASE_STRIP = NO;
				DEBUG_INFORMATION_FORMAT = dwarf;
				ENABLE_STRICT_OBJC_MSGSEND = YES;
				ENABLE_TESTABILITY = YES;
				GCC_C_LANGUAGE_STANDARD = gnu99;
				GCC_DYNAMIC_NO_PIC = NO;
				GCC_NO_COMMON_BLOCKS = YES;
				GCC_OPTIMIZATION_LEVEL = 0;
				GCC_PREPROCESSOR_DEFINITIONS = (
					"DEBUG=1",
					"$(inherited)",
				);
				GCC_WARN_64_TO_32_BIT_CONVERSION = YES;
				GCC_WARN_ABOUT_RETURN_TYPE = YES_ERROR;
				GCC_WARN_UNDECLARED_SELECTOR = YES;
				GCC_WARN_UNINITIALIZED_AUTOS = YES_AGGRESSIVE;
				GCC_WARN_UNUSED_FUNCTION = YES;
				GCC_WARN_UNUSED_VARIABLE = YES;
				IPHONEOS_DEPLOYMENT_TARGET = 10.1;
				MTL_ENABLE_DEBUG_INFO = YES;
				ONLY_ACTIVE_ARCH = YES;
				SDKROOT = iphoneos;
				SWIFT_ACTIVE_COMPILATION_CONDITIONS = DEBUG;
				SWIFT_OPTIMIZATION_LEVEL = "-Onone";
			};
			name = Debug;
		};
		72A522251DD3C04600232E2C /* Release */ = {
			isa = XCBuildConfiguration;
			buildSettings = {
				ALWAYS_SEARCH_USER_PATHS = NO;
				CLANG_ANALYZER_NONNULL = YES;
				CLANG_CXX_LANGUAGE_STANDARD = "gnu++0x";
				CLANG_CXX_LIBRARY = "libc++";
				CLANG_ENABLE_MODULES = YES;
				CLANG_ENABLE_OBJC_ARC = YES;
				CLANG_WARN_BOOL_CONVERSION = YES;
				CLANG_WARN_CONSTANT_CONVERSION = YES;
				CLANG_WARN_DIRECT_OBJC_ISA_USAGE = YES_ERROR;
				CLANG_WARN_DOCUMENTATION_COMMENTS = YES;
				CLANG_WARN_EMPTY_BODY = YES;
				CLANG_WARN_ENUM_CONVERSION = YES;
				CLANG_WARN_INFINITE_RECURSION = YES;
				CLANG_WARN_INT_CONVERSION = YES;
				CLANG_WARN_OBJC_ROOT_CLASS = YES_ERROR;
				CLANG_WARN_SUSPICIOUS_MOVES = YES;
				CLANG_WARN_UNREACHABLE_CODE = YES;
				CLANG_WARN__DUPLICATE_METHOD_MATCH = YES;
				"CODE_SIGN_IDENTITY[sdk=iphoneos*]" = "iPhone Developer";
				COPY_PHASE_STRIP = NO;
				DEBUG_INFORMATION_FORMAT = "dwarf-with-dsym";
				ENABLE_NS_ASSERTIONS = NO;
				ENABLE_STRICT_OBJC_MSGSEND = YES;
				GCC_C_LANGUAGE_STANDARD = gnu99;
				GCC_NO_COMMON_BLOCKS = YES;
				GCC_WARN_64_TO_32_BIT_CONVERSION = YES;
				GCC_WARN_ABOUT_RETURN_TYPE = YES_ERROR;
				GCC_WARN_UNDECLARED_SELECTOR = YES;
				GCC_WARN_UNINITIALIZED_AUTOS = YES_AGGRESSIVE;
				GCC_WARN_UNUSED_FUNCTION = YES;
				GCC_WARN_UNUSED_VARIABLE = YES;
				IPHONEOS_DEPLOYMENT_TARGET = 10.1;
				MTL_ENABLE_DEBUG_INFO = NO;
				SDKROOT = iphoneos;
				SWIFT_OPTIMIZATION_LEVEL = "-Owholemodule";
				VALIDATE_PRODUCT = YES;
			};
			name = Release;
		};
		72A522271DD3C04600232E2C /* Debug */ = {
			isa = XCBuildConfiguration;
			buildSettings = {
				ASSETCATALOG_COMPILER_APPICON_NAME = AppIcon;
				DEVELOPMENT_TEAM = 295STQ54Z5;
				INFOPLIST_FILE = KultSPORT/Info.plist;
				LD_RUNPATH_SEARCH_PATHS = "$(inherited) @executable_path/Frameworks";
				PRODUCT_BUNDLE_IDENTIFIER = com.favorinet.KultSPORT;
				PRODUCT_NAME = "$(TARGET_NAME)";
				SWIFT_VERSION = 3.0;
			};
			name = Debug;
		};
		72A522281DD3C04600232E2C /* Release */ = {
			isa = XCBuildConfiguration;
			buildSettings = {
				ASSETCATALOG_COMPILER_APPICON_NAME = AppIcon;
				DEVELOPMENT_TEAM = 295STQ54Z5;
				INFOPLIST_FILE = KultSPORT/Info.plist;
				LD_RUNPATH_SEARCH_PATHS = "$(inherited) @executable_path/Frameworks";
				PRODUCT_BUNDLE_IDENTIFIER = com.favorinet.KultSPORT;
				PRODUCT_NAME = "$(TARGET_NAME)";
				SWIFT_VERSION = 3.0;
			};
			name = Release;
		};
/* End XCBuildConfiguration section */

/* Begin XCConfigurationList section */
		72A5220F1DD3C04600232E2C /* Build configuration list for PBXProject "KultSPORT" */ = {
			isa = XCConfigurationList;
			buildConfigurations = (
				72A522241DD3C04600232E2C /* Debug */,
				72A522251DD3C04600232E2C /* Release */,
			);
			defaultConfigurationIsVisible = 0;
			defaultConfigurationName = Release;
		};
		72A522261DD3C04600232E2C /* Build configuration list for PBXNativeTarget "KultSPORT" */ = {
			isa = XCConfigurationList;
			buildConfigurations = (
				72A522271DD3C04600232E2C /* Debug */,
				72A522281DD3C04600232E2C /* Release */,
			);
			defaultConfigurationIsVisible = 0;
		};
/* End XCConfigurationList section */
	};
	rootObject = 72A5220C1DD3C04600232E2C /* Project object */;
}
